
Microsoft Visual Studio Solution File, Format Version 12.00
# Visual Studio Version 16
VisualStudioVersion = 16.0.32510.428
MinimumVisualStudioVersion = 10.0.40219.1
Project("{FAE04EC0-301F-11D3-BF4B-00C04F79EFBC}") = "prueba diseño", "prueba diseño\prueba diseño.csproj", "{2564D841-29C4-49BC-A9D2-8D89E195D3C2}"
EndProject
Global
	GlobalSection(SolutionConfigurationPlatforms) = preSolution
		Debug|Any CPU = Debug|Any CPU
		Release|Any CPU = Release|Any CPU
	EndGlobalSection
	GlobalSection(ProjectConfigurationPlatforms) = postSolution
		{2564D841-29C4-49BC-A9D2-8D89E195D3C2}.Debug|Any CPU.ActiveCfg = Debug|Any CPU
		{2564D841-29C4-49BC-A9D2-8D89E195D3C2}.Debug|Any CPU.Build.0 = Debug|Any CPU
		{2564D841-29C4-49BC-A9D2-8D89E195D3C2}.Release|Any CPU.ActiveCfg = Release|Any CPU
		{2564D841-29C4-49BC-A9D2-8D89E195D3C2}.Release|Any CPU.Build.0 = Release|Any CPU
	EndGlobalSection
	GlobalSection(SolutionProperties) = preSolution
		HideSolutionNode = FALSE
	EndGlobalSection
	GlobalSection(ExtensibilityGlobals) = postSolution
		SolutionGuid = {E4FDC01D-1B9C-4FA6-B510-E9313D81A2DA}
	EndGlobalSection
EndGlobal
